// !$*UTF8*$!
{
	archiveVersion = 1;
	classes = {
	};
	objectVersion = 50;
	objects = {

/* Begin PBXBuildFile section */
		02D2177E236C9F5A00DCA60A /* AppDelegate.swift in Sources */ = {isa = PBXBuildFile; fileRef = 02D2177D236C9F5A00DCA60A /* AppDelegate.swift */; };
		02D21780236C9F5A00DCA60A /* SceneDelegate.swift in Sources */ = {isa = PBXBuildFile; fileRef = 02D2177F236C9F5A00DCA60A /* SceneDelegate.swift */; };
		02D21782236C9F5A00DCA60A /* ViewController.swift in Sources */ = {isa = PBXBuildFile; fileRef = 02D21781236C9F5A00DCA60A /* ViewController.swift */; };
		02D21785236C9F5A00DCA60A /* Main.storyboard in Resources */ = {isa = PBXBuildFile; fileRef = 02D21783236C9F5A00DCA60A /* Main.storyboard */; };
		02D21787236C9F5C00DCA60A /* Assets.xcassets in Resources */ = {isa = PBXBuildFile; fileRef = 02D21786236C9F5C00DCA60A /* Assets.xcassets */; };
		02D2178A236C9F5C00DCA60A /* LaunchScreen.storyboard in Resources */ = {isa = PBXBuildFile; fileRef = 02D21788236C9F5C00DCA60A /* LaunchScreen.storyboard */; };
/* End PBXBuildFile section */

/* Begin PBXFileReference section */
		02D2177A236C9F5A00DCA60A /* DZ-1.app */ = {isa = PBXFileReference; explicitFileType = wrapper.application; includeInIndex = 0; path = "DZ-1.app"; sourceTree = BUILT_PRODUCTS_DIR; };
		02D2177D236C9F5A00DCA60A /* AppDelegate.swift */ = {isa = PBXFileReference; lastKnownFileType = sourcecode.swift; path = AppDelegate.swift; sourceTree = "<group>"; };
		02D2177F236C9F5A00DCA60A /* SceneDelegate.swift */ = {isa = PBXFileReference; lastKnownFileType = sourcecode.swift; path = SceneDelegate.swift; sourceTree = "<group>"; };
		02D21781236C9F5A00DCA60A /* ViewController.swift */ = {isa = PBXFileReference; lastKnownFileType = sourcecode.swift; path = ViewController.swift; sourceTree = "<group>"; };
		02D21784236C9F5A00DCA60A /* Base */ = {isa = PBXFileReference; lastKnownFileType = file.storyboard; name = Base; path = Base.lproj/Main.storyboard; sourceTree = "<group>"; };
		02D21786236C9F5C00DCA60A /* Assets.xcassets */ = {isa = PBXFileReference; lastKnownFileType = folder.assetcatalog; path = Assets.xcassets; sourceTree = "<group>"; };
		02D21789236C9F5C00DCA60A /* Base */ = {isa = PBXFileReference; lastKnownFileType = file.storyboard; name = Base; path = Base.lproj/LaunchScreen.storyboard; sourceTree = "<group>"; };
		02D2178B236C9F5C00DCA60A /* Info.plist */ = {isa = PBXFileReference; lastKnownFileType = text.plist.xml; path = Info.plist; sourceTree = "<group>"; };
/* End PBXFileReference section */

/* Begin PBXFrameworksBuildPhase section */
		02D21777236C9F5A00DCA60A /* Frameworks */ = {
			isa = PBXFrameworksBuildPhase;
			buildActionMask = 2147483647;
			files = (
			);
			runOnlyForDeploymentPostprocessing = 0;
		};
/* End PBXFrameworksBuildPhase section */

/* Begin PBXGroup section */
		02D21771236C9F5A00DCA60A = {
			isa = PBXGroup;
			children = (
				02D2177C236C9F5A00DCA60A /* DZ-1 */,
				02D2177B236C9F5A00DCA60A /* Products */,
			);
			sourceTree = "<group>";
		};
		02D2177B236C9F5A00DCA60A /* Products */ = {
			isa = PBXGroup;
			children = (
				02D2177A236C9F5A00DCA60A /* DZ-1.app */,
			);
			name = Products;
			sourceTree = "<group>";
		};
		02D2177C236C9F5A00DCA60A /* DZ-1 */ = {
			isa = PBXGroup;
			children = (
				02D2177D236C9F5A00DCA60A /* AppDelegate.swift */,
				02D2177F236C9F5A00DCA60A /* SceneDelegate.swift */,
				02D21781236C9F5A00DCA60A /* ViewController.swift */,
				02D21783236C9F5A00DCA60A /* Main.storyboard */,
				02D21786236C9F5C00DCA60A /* Assets.xcassets */,
				02D21788236C9F5C00DCA60A /* LaunchScreen.storyboard */,
				02D2178B236C9F5C00DCA60A /* Info.plist */,
			);
			path = "DZ-1";
			sourceTree = "<group>";
		};
/* End PBXGroup section */

/* Begin PBXNativeTarget section */
		02D21779236C9F5A00DCA60A /* DZ-1 */ = {
			isa = PBXNativeTarget;
			buildConfigurationList = 02D2178E236C9F5C00DCA60A /* Build configuration list for PBXNativeTarget "DZ-1" */;
			buildPhases = (
				02D21776236C9F5A00DCA60A /* Sources */,
				02D21777236C9F5A00DCA60A /* Frameworks */,
				02D21778236C9F5A00DCA60A /* Resources */,
			);
			buildRules = (
			);
			dependencies = (
			);
			name = "DZ-1";
			productName = "DZ-1";
			productReference = 02D2177A236C9F5A00DCA60A /* DZ-1.app */;
			productType = "com.apple.product-type.application";
		};
/* End PBXNativeTarget section */

/* Begin PBXProject section */
		02D21772236C9F5A00DCA60A /* Project object */ = {
			isa = PBXProject;
			attributes = {
				LastSwiftUpdateCheck = 1110;
				LastUpgradeCheck = 1110;
				ORGANIZATIONNAME = "NI-Alexander";
				TargetAttributes = {
					02D21779236C9F5A00DCA60A = {
						CreatedOnToolsVersion = 11.1;
					};
				};
			};
			buildConfigurationList = 02D21775236C9F5A00DCA60A /* Build configuration list for PBXProject "DZ-1" */;
			compatibilityVersion = "Xcode 9.3";
			developmentRegion = en;
			hasScannedForEncodings = 0;
			knownRegions = (
				en,
				Base,
			);
			mainGroup = 02D21771236C9F5A00DCA60A;
			productRefGroup = 02D2177B236C9F5A00DCA60A /* Products */;
			projectDirPath = "";
			projectRoot = "";
			targets = (
				02D21779236C9F5A00DCA60A /* DZ-1 */,
			);
		};
/* End PBXProject section */

/* Begin PBXResourcesBuildPhase section */
		02D21778236C9F5A00DCA60A /* Resources */ = {
			isa = PBXResourcesBuildPhase;
			buildActionMask = 2147483647;
			files = (
				02D2178A236C9F5C00DCA60A /* LaunchScreen.storyboard in Resources */,
				02D21787236C9F5C00DCA60A /* Assets.xcassets in Resources */,
				02D21785236C9F5A00DCA60A /* Main.storyboard in Resources */,
			);
			runOnlyForDeploymentPostprocessing = 0;
		};
/* End PBXResourcesBuildPhase section */

/* Begin PBXSourcesBuildPhase section */
		02D21776236C9F5A00DCA60A /* Sources */ = {
			isa = PBXSourcesBuildPhase;
			buildActionMask = 2147483647;
			files = (
				02D21782236C9F5A00DCA60A /* ViewController.swift in Sources */,
				02D2177E236C9F5A00DCA60A /* AppDelegate.swift in Sources */,
				02D21780236C9F5A00DCA60A /* SceneDelegate.swift in Sources */,
			);
			runOnlyForDeploymentPostprocessing = 0;
		};
/* End PBXSourcesBuildPhase section */

/* Begin PBXVariantGroup section */
		02D21783236C9F5A00DCA60A /* Main.storyboard */ = {
			isa = PBXVariantGroup;
			children = (
				02D21784236C9F5A00DCA60A /* Base */,
			);
			name = Main.storyboard;
			sourceTree = "<group>";
		};
		02D21788236C9F5C00DCA60A /* LaunchScreen.storyboard */ = {
			isa = PBXVariantGroup;
			children = (
				02D21789236C9F5C00DCA60A /* Base */,
			);
			name = LaunchScreen.storyboard;
			sourceTree = "<group>";
		};
/* End PBXVariantGroup section */

/* Begin XCBuildConfiguration section */
		02D2178C236C9F5C00DCA60A /* Debug */ = {
			isa = XCBuildConfiguration;
			buildSettings = {
				ALWAYS_SEARCH_USER_PATHS = NO;
				CLANG_ANALYZER_NONNULL = YES;
				CLANG_ANALYZER_NUMBER_OBJECT_CONVERSION = YES_AGGRESSIVE;
				CLANG_CXX_LANGUAGE_STANDARD = "gnu++14";
				CLANG_CXX_LIBRARY = "libc++";
				CLANG_ENABLE_MODULES = YES;
				CLANG_ENABLE_OBJC_ARC = YES;
				CLANG_ENABLE_OBJC_WEAK = YES;
				CLANG_WARN_BLOCK_CAPTURE_AUTORELEASING = YES;
				CLANG_WARN_BOOL_CONVERSION = YES;
				CLANG_WARN_COMMA = YES;
				CLANG_WARN_CONSTANT_CONVERSION = YES;
				CLANG_WARN_DEPRECATED_OBJC_IMPLEMENTATIONS = YES;
				CLANG_WARN_DIRECT_OBJC_ISA_USAGE = YES_ERROR;
				CLANG_WARN_DOCUMENTATION_COMMENTS = YES;
				CLANG_WARN_EMPTY_BODY = YES;
				CLANG_WARN_ENUM_CONVERSION = YES;
				CLANG_WARN_INFINITE_RECURSION = YES;
				CLANG_WARN_INT_CONVERSION = YES;
				CLANG_WARN_NON_LITERAL_NULL_CONVERSION = YES;
				CLANG_WARN_OBJC_IMPLICIT_RETAIN_SELF = YES;
				CLANG_WARN_OBJC_LITERAL_CONVERSION = YES;
				CLANG_WARN_OBJC_ROOT_CLASS = YES_ERROR;
				CLANG_WARN_RANGE_LOOP_ANALYSIS = YES;
				CLANG_WARN_STRICT_PROTOTYPES = YES;
				CLANG_WARN_SUSPICIOUS_MOVE = YES;
				CLANG_WARN_UNGUARDED_AVAILABILITY = YES_AGGRESSIVE;
				CLANG_WARN_UNREACHABLE_CODE = YES;
				CLANG_WARN__DUPLICATE_METHOD_MATCH = YES;
				COPY_PHASE_STRIP = NO;
				DEBUG_INFORMATION_FORMAT = dwarf;
				ENABLE_STRICT_OBJC_MSGSEND = YES;
				ENABLE_TESTABILITY = YES;
				GCC_C_LANGUAGE_STANDARD = gnu11;
				GCC_DYNAMIC_NO_PIC = NO;
				GCC_NO_COMMON_BLOCKS = YES;
				GCC_OPTIMIZATION_LEVEL = 0;
				GCC_PREPROCESSOR_DEFINITIONS = (
					"DEBUG=1",
					"$(inherited)",
				);
				GCC_WARN_64_TO_32_BIT_CONVERSION = YES;
				GCC_WARN_ABOUT_RETURN_TYPE = YES_ERROR;
				GCC_WARN_UNDECLARED_SELECTOR = YES;
				GCC_WARN_UNINITIALIZED_AUTOS = YES_AGGRESSIVE;
				GCC_WARN_UNUSED_FUNCTION = YES;
				GCC_WARN_UNUSED_VARIABLE = YES;
				IPHONEOS_DEPLOYMENT_TARGET = 13.1;
				MTL_ENABLE_DEBUG_INFO = INCLUDE_SOURCE;
				MTL_FAST_MATH = YES;
				ONLY_ACTIVE_ARCH = YES;
				SDKROOT = iphoneos;
				SWIFT_ACTIVE_COMPILATION_CONDITIONS = DEBUG;
				SWIFT_OPTIMIZATION_LEVEL = "-Onone";
			};
			name = Debug;
		};
		02D2178D236C9F5C00DCA60A /* Release */ = {
			isa = XCBuildConfiguration;
			buildSettings = {
				ALWAYS_SEARCH_USER_PATHS = NO;
				CLANG_ANALYZER_NONNULL = YES;
				CLANG_ANALYZER_NUMBER_OBJECT_CONVERSION = YES_AGGRESSIVE;
				CLANG_CXX_LANGUAGE_STANDARD = "gnu++14";
				CLANG_CXX_LIBRARY = "libc++";
				CLANG_ENABLE_MODULES = YES;
				CLANG_ENABLE_OBJC_ARC = YES;
				CLANG_ENABLE_OBJC_WEAK = YES;
				CLANG_WARN_BLOCK_CAPTURE_AUTORELEASING = YES;
				CLANG_WARN_BOOL_CONVERSION = YES;
				CLANG_WARN_COMMA = YES;
				CLANG_WARN_CONSTANT_CONVERSION = YES;
				CLANG_WARN_DEPRECATED_OBJC_IMPLEMENTATIONS = YES;
				CLANG_WARN_DIRECT_OBJC_ISA_USAGE = YES_ERROR;
				CLANG_WARN_DOCUMENTATION_COMMENTS = YES;
				CLANG_WARN_EMPTY_BODY = YES;
				CLANG_WARN_ENUM_CONVERSION = YES;
				CLANG_WARN_INFINITE_RECURSION = YES;
				CLANG_WARN_INT_CONVERSION = YES;
				CLANG_WARN_NON_LITERAL_NULL_CONVERSION = YES;
				CLANG_WARN_OBJC_IMPLICIT_RETAIN_SELF = YES;
				CLANG_WARN_OBJC_LITERAL_CONVERSION = YES;
				CLANG_WARN_OBJC_ROOT_CLASS = YES_ERROR;
				CLANG_WARN_RANGE_LOOP_ANALYSIS = YES;
				CLANG_WARN_STRICT_PROTOTYPES = YES;
				CLANG_WARN_SUSPICIOUS_MOVE = YES;
				CLANG_WARN_UNGUARDED_AVAILABILITY = YES_AGGRESSIVE;
				CLANG_WARN_UNREACHABLE_CODE = YES;
				CLANG_WARN__DUPLICATE_METHOD_MATCH = YES;
				COPY_PHASE_STRIP = NO;
				DEBUG_INFORMATION_FORMAT = "dwarf-with-dsym";
				ENABLE_NS_ASSERTIONS = NO;
				ENABLE_STRICT_OBJC_MSGSEND = YES;
				GCC_C_LANGUAGE_STANDARD = gnu11;
				GCC_NO_COMMON_BLOCKS = YES;
				GCC_WARN_64_TO_32_BIT_CONVERSION = YES;
				GCC_WARN_ABOUT_RETURN_TYPE = YES_ERROR;
				GCC_WARN_UNDECLARED_SELECTOR = YES;
				GCC_WARN_UNINITIALIZED_AUTOS = YES_AGGRESSIVE;
				GCC_WARN_UNUSED_FUNCTION = YES;
				GCC_WARN_UNUSED_VARIABLE = YES;
				IPHONEOS_DEPLOYMENT_TARGET = 13.1;
				MTL_ENABLE_DEBUG_INFO = NO;
				MTL_FAST_MATH = YES;
				SDKROOT = iphoneos;
				SWIFT_COMPILATION_MODE = wholemodule;
				SWIFT_OPTIMIZATION_LEVEL = "-O";
				VALIDATE_PRODUCT = YES;
			};
			name = Release;
		};
		02D2178F236C9F5C00DCA60A /* Debug */ = {
			isa = XCBuildConfiguration;
			buildSettings = {
				ASSETCATALOG_COMPILER_APPICON_NAME = AppIcon;
				CODE_SIGN_STYLE = Automatic;
				DEVELOPMENT_TEAM = B86D2YML36;
				INFOPLIST_FILE = "DZ-1/Info.plist";
				LD_RUNPATH_SEARCH_PATHS = (
					"$(inherited)",
					"@executable_path/Frameworks",
				);
				PRODUCT_BUNDLE_IDENTIFIER = "NI.DZ-1";
				PRODUCT_NAME = "$(TARGET_NAME)";
				SWIFT_VERSION = 5.0;
				TARGETED_DEVICE_FAMILY = "1,2";
			};
			name = Debug;
		};
		02D21790236C9F5C00DCA60A /* Release */ = {
			isa = XCBuildConfiguration;
			buildSettings = {
				ASSETCATALOG_COMPILER_APPICON_NAME = AppIcon;
				CODE_SIGN_STYLE = Automatic;
				DEVELOPMENT_TEAM = B86D2YML36;
				INFOPLIST_FILE = "DZ-1/Info.plist";
				LD_RUNPATH_SEARCH_PATHS = (
					"$(inherited)",
					"@executable_path/Frameworks",
				);
				PRODUCT_BUNDLE_IDENTIFIER = "NI.DZ-1";
				PRODUCT_NAME = "$(TARGET_NAME)";
				SWIFT_VERSION = 5.0;
				TARGETED_DEVICE_FAMILY = "1,2";
			};
			name = Release;
		};
/* End XCBuildConfiguration section */

/* Begin XCConfigurationList section */
		02D21775236C9F5A00DCA60A /* Build configuration list for PBXProject "DZ-1" */ = {
			isa = XCConfigurationList;
			buildConfigurations = (
				02D2178C236C9F5C00DCA60A /* Debug */,
				02D2178D236C9F5C00DCA60A /* Release */,
			);
			defaultConfigurationIsVisible = 0;
			defaultConfigurationName = Release;
		};
		02D2178E236C9F5C00DCA60A /* Build configuration list for PBXNativeTarget "DZ-1" */ = {
			isa = XCConfigurationList;
			buildConfigurations = (
				02D2178F236C9F5C00DCA60A /* Debug */,
				02D21790236C9F5C00DCA60A /* Release */,
			);
			defaultConfigurationIsVisible = 0;
			defaultConfigurationName = Release;
		};
/* End XCConfigurationList section */
	};
	rootObject = 02D21772236C9F5A00DCA60A /* Project object */;
}
